
Microsoft Visual Studio Solution File, Format Version 12.00
# Visual Studio Version 17
VisualStudioVersion = 17.0.31903.59
MinimumVisualStudioVersion = 10.0.40219.1
Project("{2150E333-8FDC-42A3-9474-1A3956D46DE8}") = "src", "src", "{D0EADC08-0B0E-47ED-AF58-6178217BA40E}"
EndProject
Project("{FAE04EC0-301F-11D3-BF4B-00C04F79EFBC}") = "GradeBook", "src\GradeBook\GradeBook.csproj", "{A24F6A59-4358-416B-90EC-0BAF97F94A95}"
EndProject
Project("{2150E333-8FDC-42A3-9474-1A3956D46DE8}") = "test", "test", "{0493CF8C-827B-4945-B3CB-4A8B7A9DC2DF}"
EndProject
Project("{FAE04EC0-301F-11D3-BF4B-00C04F79EFBC}") = "GradeBook.Tests", "test\GradeBook.Tests\GradeBook.Tests.csproj", "{07A80DC8-FAC9-436B-BCA1-C3C374A4E844}"
EndProject
Global
	GlobalSection(SolutionConfigurationPlatforms) = preSolution
		Debug|Any CPU = Debug|Any CPU
		Release|Any CPU = Release|Any CPU
	EndGlobalSection
	GlobalSection(SolutionProperties) = preSolution
		HideSolutionNode = FALSE
	EndGlobalSection
	GlobalSection(ProjectConfigurationPlatforms) = postSolution
		{A24F6A59-4358-416B-90EC-0BAF97F94A95}.Debug|Any CPU.ActiveCfg = Debug|Any CPU
		{A24F6A59-4358-416B-90EC-0BAF97F94A95}.Debug|Any CPU.Build.0 = Debug|Any CPU
		{A24F6A59-4358-416B-90EC-0BAF97F94A95}.Release|Any CPU.ActiveCfg = Release|Any CPU
		{A24F6A59-4358-416B-90EC-0BAF97F94A95}.Release|Any CPU.Build.0 = Release|Any CPU
		{07A80DC8-FAC9-436B-BCA1-C3C374A4E844}.Debug|Any CPU.ActiveCfg = Debug|Any CPU
		{07A80DC8-FAC9-436B-BCA1-C3C374A4E844}.Debug|Any CPU.Build.0 = Debug|Any CPU
		{07A80DC8-FAC9-436B-BCA1-C3C374A4E844}.Release|Any CPU.ActiveCfg = Release|Any CPU
		{07A80DC8-FAC9-436B-BCA1-C3C374A4E844}.Release|Any CPU.Build.0 = Release|Any CPU
	EndGlobalSection
	GlobalSection(NestedProjects) = preSolution
		{A24F6A59-4358-416B-90EC-0BAF97F94A95} = {D0EADC08-0B0E-47ED-AF58-6178217BA40E}
		{07A80DC8-FAC9-436B-BCA1-C3C374A4E844} = {0493CF8C-827B-4945-B3CB-4A8B7A9DC2DF}
	EndGlobalSection
EndGlobal
